// !$*UTF8*$!
{
	archiveVersion = 1;
	classes = {
	};
	objectVersion = 46;
	objects = {

/* Begin PBXBuildFile section */
		2C0233EF1D8C4293002D5702 /* main.m in Sources */ = {isa = PBXBuildFile; fileRef = 2C0233EE1D8C4293002D5702 /* main.m */; };
		2C0233F21D8C4293002D5702 /* AppDelegate.m in Sources */ = {isa = PBXBuildFile; fileRef = 2C0233F11D8C4293002D5702 /* AppDelegate.m */; };
		2C0233F81D8C4293002D5702 /* Main.storyboard in Resources */ = {isa = PBXBuildFile; fileRef = 2C0233F61D8C4293002D5702 /* Main.storyboard */; };
		2C0233FA1D8C4293002D5702 /* Assets.xcassets in Resources */ = {isa = PBXBuildFile; fileRef = 2C0233F91D8C4293002D5702 /* Assets.xcassets */; };
		2C0233FD1D8C4293002D5702 /* LaunchScreen.storyboard in Resources */ = {isa = PBXBuildFile; fileRef = 2C0233FB1D8C4293002D5702 /* LaunchScreen.storyboard */; };
		2C0234081D8C4293002D5702 /* ChillinTests.m in Sources */ = {isa = PBXBuildFile; fileRef = 2C0234071D8C4293002D5702 /* ChillinTests.m */; };
		2C0234131D8C4293002D5702 /* ChillinUITests.m in Sources */ = {isa = PBXBuildFile; fileRef = 2C0234121D8C4293002D5702 /* ChillinUITests.m */; };
		2C0234241D8C4362002D5702 /* HomeViewController.m in Sources */ = {isa = PBXBuildFile; fileRef = 2C0234211D8C4362002D5702 /* HomeViewController.m */; };
		2C0234251D8C4362002D5702 /* HomeCell.m in Sources */ = {isa = PBXBuildFile; fileRef = 2C0234231D8C4362002D5702 /* HomeCell.m */; };
		2C0234281D8C4371002D5702 /* LoginViewController.m in Sources */ = {isa = PBXBuildFile; fileRef = 2C0234271D8C4371002D5702 /* LoginViewController.m */; };
		2C02342B1D8C437B002D5702 /* SignupViewController.m in Sources */ = {isa = PBXBuildFile; fileRef = 2C02342A1D8C437B002D5702 /* SignupViewController.m */; };
		2C02342E1D8C4390002D5702 /* EditFriendsViewController.m in Sources */ = {isa = PBXBuildFile; fileRef = 2C02342D1D8C4390002D5702 /* EditFriendsViewController.m */; };
		2C0234391D8C439A002D5702 /* ButtonTableViewCell.m in Sources */ = {isa = PBXBuildFile; fileRef = 2C0234301D8C439A002D5702 /* ButtonTableViewCell.m */; };
		2C02343A1D8C439A002D5702 /* LabelButtonTableViewCell.m in Sources */ = {isa = PBXBuildFile; fileRef = 2C0234321D8C439A002D5702 /* LabelButtonTableViewCell.m */; };
		2C02343B1D8C439A002D5702 /* SettingsCell.m in Sources */ = {isa = PBXBuildFile; fileRef = 2C0234341D8C439A002D5702 /* SettingsCell.m */; };
		2C02343C1D8C439A002D5702 /* SettingsViewController.m in Sources */ = {isa = PBXBuildFile; fileRef = 2C0234361D8C439A002D5702 /* SettingsViewController.m */; };
		2C02343D1D8C439A002D5702 /* SwitchTableViewCell.m in Sources */ = {isa = PBXBuildFile; fileRef = 2C0234381D8C439A002D5702 /* SwitchTableViewCell.m */; };
		2C0234401D8C43AA002D5702 /* AddEventsViewController.m in Sources */ = {isa = PBXBuildFile; fileRef = 2C02343F1D8C43AA002D5702 /* AddEventsViewController.m */; };
		2C0234431D8C43B2002D5702 /* EventDetailViewController.m in Sources */ = {isa = PBXBuildFile; fileRef = 2C0234421D8C43B2002D5702 /* EventDetailViewController.m */; };
		2C0234521D8C443F002D5702 /* Constants.m in Sources */ = {isa = PBXBuildFile; fileRef = 2C0234461D8C443F002D5702 /* Constants.m */; };
		2C0234531D8C443F002D5702 /* Person.m in Sources */ = {isa = PBXBuildFile; fileRef = 2C0234481D8C443F002D5702 /* Person.m */; };
		2C0234541D8C443F002D5702 /* Screen.m in Sources */ = {isa = PBXBuildFile; fileRef = 2C02344A1D8C443F002D5702 /* Screen.m */; };
		2C0234551D8C443F002D5702 /* StringFromDateTranslate.m in Sources */ = {isa = PBXBuildFile; fileRef = 2C02344C1D8C443F002D5702 /* StringFromDateTranslate.m */; };
		2C0234561D8C443F002D5702 /* UIColor+CustomColors.m in Sources */ = {isa = PBXBuildFile; fileRef = 2C02344F1D8C443F002D5702 /* UIColor+CustomColors.m */; };
		2C0234571D8C443F002D5702 /* LaunchScreen.m in Sources */ = {isa = PBXBuildFile; fileRef = 2C0234511D8C443F002D5702 /* LaunchScreen.m */; };
		2C0234601D8C8CA0002D5702 /* Wolf-in-the-City.ttf in Resources */ = {isa = PBXBuildFile; fileRef = 2C0234441D8C441C002D5702 /* Wolf-in-the-City.ttf */; };
		2C0234651D8C8F65002D5702 /* Localizable.strings in Resources */ = {isa = PBXBuildFile; fileRef = 2C0234671D8C8F65002D5702 /* Localizable.strings */; };
		2C5E59891DA7F41D001B69FD /* ShowFriendViewController.m in Sources */ = {isa = PBXBuildFile; fileRef = 2C5E59881DA7F41D001B69FD /* ShowFriendViewController.m */; };
		2C817B271DA7BF08008D6348 /* MVPlaceSearchTextField.m in Sources */ = {isa = PBXBuildFile; fileRef = 2C817B221DA7BF08008D6348 /* MVPlaceSearchTextField.m */; };
		2C817B281DA7BF08008D6348 /* PlaceDetail.m in Sources */ = {isa = PBXBuildFile; fileRef = 2C817B241DA7BF08008D6348 /* PlaceDetail.m */; };
		2C817B291DA7BF08008D6348 /* PlaceObject.m in Sources */ = {isa = PBXBuildFile; fileRef = 2C817B261DA7BF08008D6348 /* PlaceObject.m */; };
		2C817B311DA7BF14008D6348 /* MLPAutoCompleteTextField.m in Sources */ = {isa = PBXBuildFile; fileRef = 2C817B2B1DA7BF14008D6348 /* MLPAutoCompleteTextField.m */; };
		2C817B321DA7BF14008D6348 /* NSString+Levenshtein.m in Sources */ = {isa = PBXBuildFile; fileRef = 2C817B301DA7BF14008D6348 /* NSString+Levenshtein.m */; };
		8BF0D2F4FDA451ADF7BAC08B /* libPods-ChillinTests.a in Frameworks */ = {isa = PBXBuildFile; fileRef = 2692E6B072BA10A8A0C9BC48 /* libPods-ChillinTests.a */; };
		D6440F75AA0788A358C69FB6 /* libPods-ChillinUITests.a in Frameworks */ = {isa = PBXBuildFile; fileRef = FA31874D542C0AD5D8116572 /* libPods-ChillinUITests.a */; };
		E09CA6B11C0F49232CEDBB08 /* libPods-Chillin.a in Frameworks */ = {isa = PBXBuildFile; fileRef = 495D69423A371FF0F1C7CD4A /* libPods-Chillin.a */; };
/* End PBXBuildFile section */

/* Begin PBXContainerItemProxy section */
		2C0234041D8C4293002D5702 /* PBXContainerItemProxy */ = {
			isa = PBXContainerItemProxy;
			containerPortal = 2C0233E21D8C4293002D5702 /* Project object */;
			proxyType = 1;
			remoteGlobalIDString = 2C0233E91D8C4293002D5702;
			remoteInfo = Chillin;
		};
		2C02340F1D8C4293002D5702 /* PBXContainerItemProxy */ = {
			isa = PBXContainerItemProxy;
			containerPortal = 2C0233E21D8C4293002D5702 /* Project object */;
			proxyType = 1;
			remoteGlobalIDString = 2C0233E91D8C4293002D5702;
			remoteInfo = Chillin;
		};
/* End PBXContainerItemProxy section */

/* Begin PBXFileReference section */
		13CB9CDD7310C87AAA668412 /* Pods-Chillin.debug.xcconfig */ = {isa = PBXFileReference; includeInIndex = 1; lastKnownFileType = text.xcconfig; name = "Pods-Chillin.debug.xcconfig"; path = "Pods/Target Support Files/Pods-Chillin/Pods-Chillin.debug.xcconfig"; sourceTree = "<group>"; };
		237ED8AD621AD690B9A0FB2E /* Pods-ChillinTests.release.xcconfig */ = {isa = PBXFileReference; includeInIndex = 1; lastKnownFileType = text.xcconfig; name = "Pods-ChillinTests.release.xcconfig"; path = "Pods/Target Support Files/Pods-ChillinTests/Pods-ChillinTests.release.xcconfig"; sourceTree = "<group>"; };
		2692E6B072BA10A8A0C9BC48 /* libPods-ChillinTests.a */ = {isa = PBXFileReference; explicitFileType = archive.ar; includeInIndex = 0; path = "libPods-ChillinTests.a"; sourceTree = BUILT_PRODUCTS_DIR; };
		2C0233EA1D8C4293002D5702 /* Chillin.app */ = {isa = PBXFileReference; explicitFileType = wrapper.application; includeInIndex = 0; path = Chillin.app; sourceTree = BUILT_PRODUCTS_DIR; };
		2C0233EE1D8C4293002D5702 /* main.m */ = {isa = PBXFileReference; lastKnownFileType = sourcecode.c.objc; path = main.m; sourceTree = "<group>"; };
		2C0233F01D8C4293002D5702 /* AppDelegate.h */ = {isa = PBXFileReference; lastKnownFileType = sourcecode.c.h; path = AppDelegate.h; sourceTree = "<group>"; };
		2C0233F11D8C4293002D5702 /* AppDelegate.m */ = {isa = PBXFileReference; lastKnownFileType = sourcecode.c.objc; path = AppDelegate.m; sourceTree = "<group>"; };
		2C0233F71D8C4293002D5702 /* Base */ = {isa = PBXFileReference; lastKnownFileType = file.storyboard; name = Base; path = Base.lproj/Main.storyboard; sourceTree = "<group>"; };
		2C0233F91D8C4293002D5702 /* Assets.xcassets */ = {isa = PBXFileReference; lastKnownFileType = folder.assetcatalog; path = Assets.xcassets; sourceTree = "<group>"; };
		2C0233FC1D8C4293002D5702 /* Base */ = {isa = PBXFileReference; lastKnownFileType = file.storyboard; name = Base; path = Base.lproj/LaunchScreen.storyboard; sourceTree = "<group>"; };
		2C0233FE1D8C4293002D5702 /* Info.plist */ = {isa = PBXFileReference; lastKnownFileType = text.plist.xml; path = Info.plist; sourceTree = "<group>"; };
		2C0234031D8C4293002D5702 /* ChillinTests.xctest */ = {isa = PBXFileReference; explicitFileType = wrapper.cfbundle; includeInIndex = 0; path = ChillinTests.xctest; sourceTree = BUILT_PRODUCTS_DIR; };
		2C0234071D8C4293002D5702 /* ChillinTests.m */ = {isa = PBXFileReference; lastKnownFileType = sourcecode.c.objc; path = ChillinTests.m; sourceTree = "<group>"; };
		2C0234091D8C4293002D5702 /* Info.plist */ = {isa = PBXFileReference; lastKnownFileType = text.plist.xml; path = Info.plist; sourceTree = "<group>"; };
		2C02340E1D8C4293002D5702 /* ChillinUITests.xctest */ = {isa = PBXFileReference; explicitFileType = wrapper.cfbundle; includeInIndex = 0; path = ChillinUITests.xctest; sourceTree = BUILT_PRODUCTS_DIR; };
		2C0234121D8C4293002D5702 /* ChillinUITests.m */ = {isa = PBXFileReference; lastKnownFileType = sourcecode.c.objc; path = ChillinUITests.m; sourceTree = "<group>"; };
		2C0234141D8C4293002D5702 /* Info.plist */ = {isa = PBXFileReference; lastKnownFileType = text.plist.xml; path = Info.plist; sourceTree = "<group>"; };
		2C0234201D8C4362002D5702 /* HomeViewController.h */ = {isa = PBXFileReference; fileEncoding = 4; lastKnownFileType = sourcecode.c.h; path = HomeViewController.h; sourceTree = "<group>"; };
		2C0234211D8C4362002D5702 /* HomeViewController.m */ = {isa = PBXFileReference; fileEncoding = 4; lastKnownFileType = sourcecode.c.objc; path = HomeViewController.m; sourceTree = "<group>"; };
		2C0234221D8C4362002D5702 /* HomeCell.h */ = {isa = PBXFileReference; fileEncoding = 4; lastKnownFileType = sourcecode.c.h; path = HomeCell.h; sourceTree = "<group>"; };
		2C0234231D8C4362002D5702 /* HomeCell.m */ = {isa = PBXFileReference; fileEncoding = 4; lastKnownFileType = sourcecode.c.objc; path = HomeCell.m; sourceTree = "<group>"; };
		2C0234261D8C4371002D5702 /* LoginViewController.h */ = {isa = PBXFileReference; fileEncoding = 4; lastKnownFileType = sourcecode.c.h; path = LoginViewController.h; sourceTree = "<group>"; };
		2C0234271D8C4371002D5702 /* LoginViewController.m */ = {isa = PBXFileReference; fileEncoding = 4; lastKnownFileType = sourcecode.c.objc; path = LoginViewController.m; sourceTree = "<group>"; };
		2C0234291D8C437B002D5702 /* SignupViewController.h */ = {isa = PBXFileReference; fileEncoding = 4; lastKnownFileType = sourcecode.c.h; path = SignupViewController.h; sourceTree = "<group>"; };
		2C02342A1D8C437B002D5702 /* SignupViewController.m */ = {isa = PBXFileReference; fileEncoding = 4; lastKnownFileType = sourcecode.c.objc; path = SignupViewController.m; sourceTree = "<group>"; };
		2C02342C1D8C4390002D5702 /* EditFriendsViewController.h */ = {isa = PBXFileReference; fileEncoding = 4; lastKnownFileType = sourcecode.c.h; path = EditFriendsViewController.h; sourceTree = "<group>"; };
		2C02342D1D8C4390002D5702 /* EditFriendsViewController.m */ = {isa = PBXFileReference; fileEncoding = 4; lastKnownFileType = sourcecode.c.objc; path = EditFriendsViewController.m; sourceTree = "<group>"; };
		2C02342F1D8C439A002D5702 /* ButtonTableViewCell.h */ = {isa = PBXFileReference; fileEncoding = 4; lastKnownFileType = sourcecode.c.h; path = ButtonTableViewCell.h; sourceTree = "<group>"; };
		2C0234301D8C439A002D5702 /* ButtonTableViewCell.m */ = {isa = PBXFileReference; fileEncoding = 4; lastKnownFileType = sourcecode.c.objc; path = ButtonTableViewCell.m; sourceTree = "<group>"; };
		2C0234311D8C439A002D5702 /* LabelButtonTableViewCell.h */ = {isa = PBXFileReference; fileEncoding = 4; lastKnownFileType = sourcecode.c.h; path = LabelButtonTableViewCell.h; sourceTree = "<group>"; };
		2C0234321D8C439A002D5702 /* LabelButtonTableViewCell.m */ = {isa = PBXFileReference; fileEncoding = 4; lastKnownFileType = sourcecode.c.objc; path = LabelButtonTableViewCell.m; sourceTree = "<group>"; };
		2C0234331D8C439A002D5702 /* SettingsCell.h */ = {isa = PBXFileReference; fileEncoding = 4; lastKnownFileType = sourcecode.c.h; path = SettingsCell.h; sourceTree = "<group>"; };
		2C0234341D8C439A002D5702 /* SettingsCell.m */ = {isa = PBXFileReference; fileEncoding = 4; lastKnownFileType = sourcecode.c.objc; path = SettingsCell.m; sourceTree = "<group>"; };
		2C0234351D8C439A002D5702 /* SettingsViewController.h */ = {isa = PBXFileReference; fileEncoding = 4; lastKnownFileType = sourcecode.c.h; path = SettingsViewController.h; sourceTree = "<group>"; };
		2C0234361D8C439A002D5702 /* SettingsViewController.m */ = {isa = PBXFileReference; fileEncoding = 4; lastKnownFileType = sourcecode.c.objc; path = SettingsViewController.m; sourceTree = "<group>"; };
		2C0234371D8C439A002D5702 /* SwitchTableViewCell.h */ = {isa = PBXFileReference; fileEncoding = 4; lastKnownFileType = sourcecode.c.h; path = SwitchTableViewCell.h; sourceTree = "<group>"; };
		2C0234381D8C439A002D5702 /* SwitchTableViewCell.m */ = {isa = PBXFileReference; fileEncoding = 4; lastKnownFileType = sourcecode.c.objc; path = SwitchTableViewCell.m; sourceTree = "<group>"; };
		2C02343E1D8C43AA002D5702 /* AddEventsViewController.h */ = {isa = PBXFileReference; fileEncoding = 4; lastKnownFileType = sourcecode.c.h; path = AddEventsViewController.h; sourceTree = "<group>"; };
		2C02343F1D8C43AA002D5702 /* AddEventsViewController.m */ = {isa = PBXFileReference; fileEncoding = 4; lastKnownFileType = sourcecode.c.objc; path = AddEventsViewController.m; sourceTree = "<group>"; };
		2C0234411D8C43B2002D5702 /* EventDetailViewController.h */ = {isa = PBXFileReference; fileEncoding = 4; lastKnownFileType = sourcecode.c.h; path = EventDetailViewController.h; sourceTree = "<group>"; };
		2C0234421D8C43B2002D5702 /* EventDetailViewController.m */ = {isa = PBXFileReference; fileEncoding = 4; lastKnownFileType = sourcecode.c.objc; path = EventDetailViewController.m; sourceTree = "<group>"; };
		2C0234441D8C441C002D5702 /* Wolf-in-the-City.ttf */ = {isa = PBXFileReference; lastKnownFileType = file; path = "Wolf-in-the-City.ttf"; sourceTree = "<group>"; };
		2C0234451D8C443F002D5702 /* Constants.h */ = {isa = PBXFileReference; fileEncoding = 4; lastKnownFileType = sourcecode.c.h; path = Constants.h; sourceTree = "<group>"; };
		2C0234461D8C443F002D5702 /* Constants.m */ = {isa = PBXFileReference; fileEncoding = 4; lastKnownFileType = sourcecode.c.objc; path = Constants.m; sourceTree = "<group>"; };
		2C0234471D8C443F002D5702 /* Person.h */ = {isa = PBXFileReference; fileEncoding = 4; lastKnownFileType = sourcecode.c.h; path = Person.h; sourceTree = "<group>"; };
		2C0234481D8C443F002D5702 /* Person.m */ = {isa = PBXFileReference; fileEncoding = 4; lastKnownFileType = sourcecode.c.objc; path = Person.m; sourceTree = "<group>"; };
		2C0234491D8C443F002D5702 /* Screen.h */ = {isa = PBXFileReference; fileEncoding = 4; lastKnownFileType = sourcecode.c.h; path = Screen.h; sourceTree = "<group>"; };
		2C02344A1D8C443F002D5702 /* Screen.m */ = {isa = PBXFileReference; fileEncoding = 4; lastKnownFileType = sourcecode.c.objc; path = Screen.m; sourceTree = "<group>"; };
		2C02344B1D8C443F002D5702 /* StringFromDateTranslate.h */ = {isa = PBXFileReference; fileEncoding = 4; lastKnownFileType = sourcecode.c.h; path = StringFromDateTranslate.h; sourceTree = "<group>"; };
		2C02344C1D8C443F002D5702 /* StringFromDateTranslate.m */ = {isa = PBXFileReference; fileEncoding = 4; lastKnownFileType = sourcecode.c.objc; path = StringFromDateTranslate.m; sourceTree = "<group>"; };
		2C02344D1D8C443F002D5702 /* CustomFonts.h */ = {isa = PBXFileReference; fileEncoding = 4; lastKnownFileType = sourcecode.c.h; path = CustomFonts.h; sourceTree = "<group>"; };
		2C02344E1D8C443F002D5702 /* UIColor+CustomColors.h */ = {isa = PBXFileReference; fileEncoding = 4; lastKnownFileType = sourcecode.c.h; path = "UIColor+CustomColors.h"; sourceTree = "<group>"; };
		2C02344F1D8C443F002D5702 /* UIColor+CustomColors.m */ = {isa = PBXFileReference; fileEncoding = 4; lastKnownFileType = sourcecode.c.objc; path = "UIColor+CustomColors.m"; sourceTree = "<group>"; };
		2C0234501D8C443F002D5702 /* LaunchScreen.h */ = {isa = PBXFileReference; fileEncoding = 4; lastKnownFileType = sourcecode.c.h; path = LaunchScreen.h; sourceTree = "<group>"; };
		2C0234511D8C443F002D5702 /* LaunchScreen.m */ = {isa = PBXFileReference; fileEncoding = 4; lastKnownFileType = sourcecode.c.objc; path = LaunchScreen.m; sourceTree = "<group>"; };
		2C02345F1D8C489E002D5702 /* Chillin.entitlements */ = {isa = PBXFileReference; lastKnownFileType = text.plist.entitlements; path = Chillin.entitlements; sourceTree = "<group>"; };
		2C0234611D8C8F0B002D5702 /* fr */ = {isa = PBXFileReference; lastKnownFileType = text.plist.strings; name = fr; path = fr.lproj/Main.strings; sourceTree = "<group>"; };
		2C0234621D8C8F0B002D5702 /* fr */ = {isa = PBXFileReference; lastKnownFileType = text.plist.strings; name = fr; path = fr.lproj/LaunchScreen.strings; sourceTree = "<group>"; };
		2C0234691D8C8F6C002D5702 /* fr */ = {isa = PBXFileReference; lastKnownFileType = text.plist.strings; name = fr; path = fr.lproj/Localizable.strings; sourceTree = "<group>"; };
		2C02346A1D8C8F77002D5702 /* en */ = {isa = PBXFileReference; lastKnownFileType = text.plist.strings; name = en; path = en.lproj/Localizable.strings; sourceTree = "<group>"; };
		2C5E59871DA7F41D001B69FD /* ShowFriendViewController.h */ = {isa = PBXFileReference; fileEncoding = 4; lastKnownFileType = sourcecode.c.h; path = ShowFriendViewController.h; sourceTree = "<group>"; };
		2C5E59881DA7F41D001B69FD /* ShowFriendViewController.m */ = {isa = PBXFileReference; fileEncoding = 4; lastKnownFileType = sourcecode.c.objc; path = ShowFriendViewController.m; sourceTree = "<group>"; };
		2C817B211DA7BF08008D6348 /* MVPlaceSearchTextField.h */ = {isa = PBXFileReference; fileEncoding = 4; lastKnownFileType = sourcecode.c.h; path = MVPlaceSearchTextField.h; sourceTree = "<group>"; };
		2C817B221DA7BF08008D6348 /* MVPlaceSearchTextField.m */ = {isa = PBXFileReference; fileEncoding = 4; lastKnownFileType = sourcecode.c.objc; path = MVPlaceSearchTextField.m; sourceTree = "<group>"; };
		2C817B231DA7BF08008D6348 /* PlaceDetail.h */ = {isa = PBXFileReference; fileEncoding = 4; lastKnownFileType = sourcecode.c.h; path = PlaceDetail.h; sourceTree = "<group>"; };
		2C817B241DA7BF08008D6348 /* PlaceDetail.m */ = {isa = PBXFileReference; fileEncoding = 4; lastKnownFileType = sourcecode.c.objc; path = PlaceDetail.m; sourceTree = "<group>"; };
		2C817B251DA7BF08008D6348 /* PlaceObject.h */ = {isa = PBXFileReference; fileEncoding = 4; lastKnownFileType = sourcecode.c.h; path = PlaceObject.h; sourceTree = "<group>"; };
		2C817B261DA7BF08008D6348 /* PlaceObject.m */ = {isa = PBXFileReference; fileEncoding = 4; lastKnownFileType = sourcecode.c.objc; path = PlaceObject.m; sourceTree = "<group>"; };
		2C817B2A1DA7BF14008D6348 /* MLPAutoCompleteTextField.h */ = {isa = PBXFileReference; fileEncoding = 4; lastKnownFileType = sourcecode.c.h; path = MLPAutoCompleteTextField.h; sourceTree = "<group>"; };
		2C817B2B1DA7BF14008D6348 /* MLPAutoCompleteTextField.m */ = {isa = PBXFileReference; fileEncoding = 4; lastKnownFileType = sourcecode.c.objc; path = MLPAutoCompleteTextField.m; sourceTree = "<group>"; };
		2C817B2C1DA7BF14008D6348 /* MLPAutoCompleteTextFieldDataSource.h */ = {isa = PBXFileReference; fileEncoding = 4; lastKnownFileType = sourcecode.c.h; path = MLPAutoCompleteTextFieldDataSource.h; sourceTree = "<group>"; };
		2C817B2D1DA7BF14008D6348 /* MLPAutoCompleteTextFieldDelegate.h */ = {isa = PBXFileReference; fileEncoding = 4; lastKnownFileType = sourcecode.c.h; path = MLPAutoCompleteTextFieldDelegate.h; sourceTree = "<group>"; };
		2C817B2E1DA7BF14008D6348 /* MLPAutoCompletionObject.h */ = {isa = PBXFileReference; fileEncoding = 4; lastKnownFileType = sourcecode.c.h; path = MLPAutoCompletionObject.h; sourceTree = "<group>"; };
		2C817B2F1DA7BF14008D6348 /* NSString+Levenshtein.h */ = {isa = PBXFileReference; fileEncoding = 4; lastKnownFileType = sourcecode.c.h; path = "NSString+Levenshtein.h"; sourceTree = "<group>"; };
		2C817B301DA7BF14008D6348 /* NSString+Levenshtein.m */ = {isa = PBXFileReference; fileEncoding = 4; lastKnownFileType = sourcecode.c.objc; path = "NSString+Levenshtein.m"; sourceTree = "<group>"; };
		495D69423A371FF0F1C7CD4A /* libPods-Chillin.a */ = {isa = PBXFileReference; explicitFileType = archive.ar; includeInIndex = 0; path = "libPods-Chillin.a"; sourceTree = BUILT_PRODUCTS_DIR; };
		4DD8955719A98FF934700898 /* Pods-ChillinUITests.debug.xcconfig */ = {isa = PBXFileReference; includeInIndex = 1; lastKnownFileType = text.xcconfig; name = "Pods-ChillinUITests.debug.xcconfig"; path = "Pods/Target Support Files/Pods-ChillinUITests/Pods-ChillinUITests.debug.xcconfig"; sourceTree = "<group>"; };
		9AD5D68C49958E15AA814932 /* Pods-Chillin.release.xcconfig */ = {isa = PBXFileReference; includeInIndex = 1; lastKnownFileType = text.xcconfig; name = "Pods-Chillin.release.xcconfig"; path = "Pods/Target Support Files/Pods-Chillin/Pods-Chillin.release.xcconfig"; sourceTree = "<group>"; };
		C10C84C862A4CD867E6D675A /* Pods-ChillinUITests.release.xcconfig */ = {isa = PBXFileReference; includeInIndex = 1; lastKnownFileType = text.xcconfig; name = "Pods-ChillinUITests.release.xcconfig"; path = "Pods/Target Support Files/Pods-ChillinUITests/Pods-ChillinUITests.release.xcconfig"; sourceTree = "<group>"; };
		E5E43EA2DD29026182F3C93E /* Pods-ChillinTests.debug.xcconfig */ = {isa = PBXFileReference; includeInIndex = 1; lastKnownFileType = text.xcconfig; name = "Pods-ChillinTests.debug.xcconfig"; path = "Pods/Target Support Files/Pods-ChillinTests/Pods-ChillinTests.debug.xcconfig"; sourceTree = "<group>"; };
		FA31874D542C0AD5D8116572 /* libPods-ChillinUITests.a */ = {isa = PBXFileReference; explicitFileType = archive.ar; includeInIndex = 0; path = "libPods-ChillinUITests.a"; sourceTree = BUILT_PRODUCTS_DIR; };
/* End PBXFileReference section */

/* Begin PBXFrameworksBuildPhase section */
		2C0233E71D8C4293002D5702 /* Frameworks */ = {
			isa = PBXFrameworksBuildPhase;
			buildActionMask = 2147483647;
			files = (
				E09CA6B11C0F49232CEDBB08 /* libPods-Chillin.a in Frameworks */,
			);
			runOnlyForDeploymentPostprocessing = 0;
		};
		2C0234001D8C4293002D5702 /* Frameworks */ = {
			isa = PBXFrameworksBuildPhase;
			buildActionMask = 2147483647;
			files = (
				8BF0D2F4FDA451ADF7BAC08B /* libPods-ChillinTests.a in Frameworks */,
			);
			runOnlyForDeploymentPostprocessing = 0;
		};
		2C02340B1D8C4293002D5702 /* Frameworks */ = {
			isa = PBXFrameworksBuildPhase;
			buildActionMask = 2147483647;
			files = (
				D6440F75AA0788A358C69FB6 /* libPods-ChillinUITests.a in Frameworks */,
			);
			runOnlyForDeploymentPostprocessing = 0;
		};
/* End PBXFrameworksBuildPhase section */

/* Begin PBXGroup section */
		2C0233E11D8C4293002D5702 = {
			isa = PBXGroup;
			children = (
				2C0233EC1D8C4293002D5702 /* Chillin */,
				2C0234061D8C4293002D5702 /* ChillinTests */,
				2C0234111D8C4293002D5702 /* ChillinUITests */,
				2C0233EB1D8C4293002D5702 /* Products */,
				964C9713AD999BA8D19CF084 /* Pods */,
				9CB0C17C0A816A2401CFAE5C /* Frameworks */,
			);
			sourceTree = "<group>";
		};
		2C0233EB1D8C4293002D5702 /* Products */ = {
			isa = PBXGroup;
			children = (
				2C0233EA1D8C4293002D5702 /* Chillin.app */,
				2C0234031D8C4293002D5702 /* ChillinTests.xctest */,
				2C02340E1D8C4293002D5702 /* ChillinUITests.xctest */,
			);
			name = Products;
			sourceTree = "<group>";
		};
		2C0233EC1D8C4293002D5702 /* Chillin */ = {
			isa = PBXGroup;
			children = (
				2C02345F1D8C489E002D5702 /* Chillin.entitlements */,
				2C0233F01D8C4293002D5702 /* AppDelegate.h */,
				2C0233F11D8C4293002D5702 /* AppDelegate.m */,
				2C0233FB1D8C4293002D5702 /* LaunchScreen.storyboard */,
				2C0233F61D8C4293002D5702 /* Main.storyboard */,
				2C0233F91D8C4293002D5702 /* Assets.xcassets */,
				2C0234501D8C443F002D5702 /* LaunchScreen.h */,
				2C0234511D8C443F002D5702 /* LaunchScreen.m */,
				2C0234581D8C47DB002D5702 /* Common */,
				2C0234591D8C47EA002D5702 /* Login */,
				2C02345A1D8C47F9002D5702 /* Sign Up */,
				2C02345B1D8C4816002D5702 /* Home */,
				2C02345C1D8C481F002D5702 /* Edit Friends */,
				2C02345D1D8C483E002D5702 /* Settings */,
				2C02345E1D8C4855002D5702 /* Events */,
				2C0233FE1D8C4293002D5702 /* Info.plist */,
				2C817B1F1DA7BEEB008D6348 /* MVPlaceSearchTextField */,
				2C0233ED1D8C4293002D5702 /* Supporting Files */,
			);
			path = Chillin;
			sourceTree = "<group>";
		};
		2C0233ED1D8C4293002D5702 /* Supporting Files */ = {
			isa = PBXGroup;
			children = (
				2C0234671D8C8F65002D5702 /* Localizable.strings */,
				2C0234441D8C441C002D5702 /* Wolf-in-the-City.ttf */,
				2C0233EE1D8C4293002D5702 /* main.m */,
			);
			name = "Supporting Files";
			sourceTree = "<group>";
		};
		2C0234061D8C4293002D5702 /* ChillinTests */ = {
			isa = PBXGroup;
			children = (
				2C0234071D8C4293002D5702 /* ChillinTests.m */,
				2C0234091D8C4293002D5702 /* Info.plist */,
			);
			path = ChillinTests;
			sourceTree = "<group>";
		};
		2C0234111D8C4293002D5702 /* ChillinUITests */ = {
			isa = PBXGroup;
			children = (
				2C0234121D8C4293002D5702 /* ChillinUITests.m */,
				2C0234141D8C4293002D5702 /* Info.plist */,
			);
			path = ChillinUITests;
			sourceTree = "<group>";
		};
		2C0234581D8C47DB002D5702 /* Common */ = {
			isa = PBXGroup;
			children = (
				2C0234451D8C443F002D5702 /* Constants.h */,
				2C0234461D8C443F002D5702 /* Constants.m */,
				2C0234471D8C443F002D5702 /* Person.h */,
				2C0234481D8C443F002D5702 /* Person.m */,
				2C0234491D8C443F002D5702 /* Screen.h */,
				2C02344A1D8C443F002D5702 /* Screen.m */,
				2C02344B1D8C443F002D5702 /* StringFromDateTranslate.h */,
				2C02344C1D8C443F002D5702 /* StringFromDateTranslate.m */,
				2C02344D1D8C443F002D5702 /* CustomFonts.h */,
				2C02344E1D8C443F002D5702 /* UIColor+CustomColors.h */,
				2C02344F1D8C443F002D5702 /* UIColor+CustomColors.m */,
			);
			name = Common;
			sourceTree = "<group>";
		};
		2C0234591D8C47EA002D5702 /* Login */ = {
			isa = PBXGroup;
			children = (
				2C0234261D8C4371002D5702 /* LoginViewController.h */,
				2C0234271D8C4371002D5702 /* LoginViewController.m */,
			);
			name = Login;
			sourceTree = "<group>";
		};
		2C02345A1D8C47F9002D5702 /* Sign Up */ = {
			isa = PBXGroup;
			children = (
				2C0234291D8C437B002D5702 /* SignupViewController.h */,
				2C02342A1D8C437B002D5702 /* SignupViewController.m */,
			);
			name = "Sign Up";
			sourceTree = "<group>";
		};
		2C02345B1D8C4816002D5702 /* Home */ = {
			isa = PBXGroup;
			children = (
				2C0234201D8C4362002D5702 /* HomeViewController.h */,
				2C0234211D8C4362002D5702 /* HomeViewController.m */,
				2C0234221D8C4362002D5702 /* HomeCell.h */,
				2C0234231D8C4362002D5702 /* HomeCell.m */,
			);
			name = Home;
			sourceTree = "<group>";
		};
		2C02345C1D8C481F002D5702 /* Edit Friends */ = {
			isa = PBXGroup;
			children = (
				2C02342C1D8C4390002D5702 /* EditFriendsViewController.h */,
				2C02342D1D8C4390002D5702 /* EditFriendsViewController.m */,
			);
			name = "Edit Friends";
			sourceTree = "<group>";
		};
		2C02345D1D8C483E002D5702 /* Settings */ = {
			isa = PBXGroup;
			children = (
				2C02342F1D8C439A002D5702 /* ButtonTableViewCell.h */,
				2C0234301D8C439A002D5702 /* ButtonTableViewCell.m */,
				2C0234311D8C439A002D5702 /* LabelButtonTableViewCell.h */,
				2C0234321D8C439A002D5702 /* LabelButtonTableViewCell.m */,
				2C0234331D8C439A002D5702 /* SettingsCell.h */,
				2C0234341D8C439A002D5702 /* SettingsCell.m */,
				2C0234351D8C439A002D5702 /* SettingsViewController.h */,
				2C0234361D8C439A002D5702 /* SettingsViewController.m */,
				2C0234371D8C439A002D5702 /* SwitchTableViewCell.h */,
				2C0234381D8C439A002D5702 /* SwitchTableViewCell.m */,
			);
			name = Settings;
			sourceTree = "<group>";
		};
		2C02345E1D8C4855002D5702 /* Events */ = {
			isa = PBXGroup;
			children = (
				2C02343E1D8C43AA002D5702 /* AddEventsViewController.h */,
				2C02343F1D8C43AA002D5702 /* AddEventsViewController.m */,
				2C5E59871DA7F41D001B69FD /* ShowFriendViewController.h */,
				2C5E59881DA7F41D001B69FD /* ShowFriendViewController.m */,
				2C0234411D8C43B2002D5702 /* EventDetailViewController.h */,
				2C0234421D8C43B2002D5702 /* EventDetailViewController.m */,
			);
			name = Events;
			sourceTree = "<group>";
		};
		2C817B1F1DA7BEEB008D6348 /* MVPlaceSearchTextField */ = {
			isa = PBXGroup;
			children = (
				2C817B201DA7BEF9008D6348 /* MLPAutoCompleteTextField */,
				2C817B211DA7BF08008D6348 /* MVPlaceSearchTextField.h */,
				2C817B221DA7BF08008D6348 /* MVPlaceSearchTextField.m */,
				2C817B231DA7BF08008D6348 /* PlaceDetail.h */,
				2C817B241DA7BF08008D6348 /* PlaceDetail.m */,
				2C817B251DA7BF08008D6348 /* PlaceObject.h */,
				2C817B261DA7BF08008D6348 /* PlaceObject.m */,
			);
			name = MVPlaceSearchTextField;
			sourceTree = "<group>";
		};
		2C817B201DA7BEF9008D6348 /* MLPAutoCompleteTextField */ = {
			isa = PBXGroup;
			children = (
				2C817B2A1DA7BF14008D6348 /* MLPAutoCompleteTextField.h */,
				2C817B2B1DA7BF14008D6348 /* MLPAutoCompleteTextField.m */,
				2C817B2C1DA7BF14008D6348 /* MLPAutoCompleteTextFieldDataSource.h */,
				2C817B2D1DA7BF14008D6348 /* MLPAutoCompleteTextFieldDelegate.h */,
				2C817B2E1DA7BF14008D6348 /* MLPAutoCompletionObject.h */,
				2C817B2F1DA7BF14008D6348 /* NSString+Levenshtein.h */,
				2C817B301DA7BF14008D6348 /* NSString+Levenshtein.m */,
			);
			name = MLPAutoCompleteTextField;
			sourceTree = "<group>";
		};
		964C9713AD999BA8D19CF084 /* Pods */ = {
			isa = PBXGroup;
			children = (
				13CB9CDD7310C87AAA668412 /* Pods-Chillin.debug.xcconfig */,
				9AD5D68C49958E15AA814932 /* Pods-Chillin.release.xcconfig */,
				E5E43EA2DD29026182F3C93E /* Pods-ChillinTests.debug.xcconfig */,
				237ED8AD621AD690B9A0FB2E /* Pods-ChillinTests.release.xcconfig */,
				4DD8955719A98FF934700898 /* Pods-ChillinUITests.debug.xcconfig */,
				C10C84C862A4CD867E6D675A /* Pods-ChillinUITests.release.xcconfig */,
			);
			name = Pods;
			sourceTree = "<group>";
		};
		9CB0C17C0A816A2401CFAE5C /* Frameworks */ = {
			isa = PBXGroup;
			children = (
				495D69423A371FF0F1C7CD4A /* libPods-Chillin.a */,
				2692E6B072BA10A8A0C9BC48 /* libPods-ChillinTests.a */,
				FA31874D542C0AD5D8116572 /* libPods-ChillinUITests.a */,
			);
			name = Frameworks;
			sourceTree = "<group>";
		};
/* End PBXGroup section */

/* Begin PBXNativeTarget section */
		2C0233E91D8C4293002D5702 /* Chillin */ = {
			isa = PBXNativeTarget;
			buildConfigurationList = 2C0234171D8C4293002D5702 /* Build configuration list for PBXNativeTarget "Chillin" */;
			buildPhases = (
				CA11EB0E107F3E7005F0EFBD /* [CP] Check Pods Manifest.lock */,
				2C0233E61D8C4293002D5702 /* Sources */,
				2C0233E71D8C4293002D5702 /* Frameworks */,
				2C0233E81D8C4293002D5702 /* Resources */,
				01B0016FDD173B0BA0E1792E /* [CP] Embed Pods Frameworks */,
				A4E3A60BBF9945754EE6AFC3 /* [CP] Copy Pods Resources */,
			);
			buildRules = (
			);
			dependencies = (
			);
			name = Chillin;
			productName = Chillin;
			productReference = 2C0233EA1D8C4293002D5702 /* Chillin.app */;
			productType = "com.apple.product-type.application";
		};
		2C0234021D8C4293002D5702 /* ChillinTests */ = {
			isa = PBXNativeTarget;
			buildConfigurationList = 2C02341A1D8C4293002D5702 /* Build configuration list for PBXNativeTarget "ChillinTests" */;
			buildPhases = (
				AD8D36A4E25026A866494255 /* [CP] Check Pods Manifest.lock */,
				2C0233FF1D8C4293002D5702 /* Sources */,
				2C0234001D8C4293002D5702 /* Frameworks */,
				2C0234011D8C4293002D5702 /* Resources */,
				7645B2749077F81A539A9569 /* [CP] Embed Pods Frameworks */,
				17D14B32DB3F57CC6D3FF1E5 /* [CP] Copy Pods Resources */,
			);
			buildRules = (
			);
			dependencies = (
				2C0234051D8C4293002D5702 /* PBXTargetDependency */,
			);
			name = ChillinTests;
			productName = ChillinTests;
			productReference = 2C0234031D8C4293002D5702 /* ChillinTests.xctest */;
			productType = "com.apple.product-type.bundle.unit-test";
		};
		2C02340D1D8C4293002D5702 /* ChillinUITests */ = {
			isa = PBXNativeTarget;
			buildConfigurationList = 2C02341D1D8C4293002D5702 /* Build configuration list for PBXNativeTarget "ChillinUITests" */;
			buildPhases = (
				02E8186BA4C0B6B2D8EE1710 /* [CP] Check Pods Manifest.lock */,
				2C02340A1D8C4293002D5702 /* Sources */,
				2C02340B1D8C4293002D5702 /* Frameworks */,
				2C02340C1D8C4293002D5702 /* Resources */,
				C3DA7083FBA33EF1EB76246A /* [CP] Copy Pods Resources */,
			);
			buildRules = (
			);
			dependencies = (
				2C0234101D8C4293002D5702 /* PBXTargetDependency */,
			);
			name = ChillinUITests;
			productName = ChillinUITests;
			productReference = 2C02340E1D8C4293002D5702 /* ChillinUITests.xctest */;
			productType = "com.apple.product-type.bundle.ui-testing";
		};
/* End PBXNativeTarget section */

/* Begin PBXProject section */
		2C0233E21D8C4293002D5702 /* Project object */ = {
			isa = PBXProject;
			attributes = {
				LastUpgradeCheck = 0800;
				ORGANIZATIONNAME = "Vincent Jardel";
				TargetAttributes = {
					2C0233E91D8C4293002D5702 = {
						CreatedOnToolsVersion = 8.0;
						DevelopmentTeam = 2NB67X8DYS;
						ProvisioningStyle = Automatic;
						SystemCapabilities = {
							com.apple.Keychain = {
								enabled = 1;
							};
							com.apple.Push = {
								enabled = 1;
							};
						};
					};
					2C0234021D8C4293002D5702 = {
						CreatedOnToolsVersion = 8.0;
						ProvisioningStyle = Automatic;
						TestTargetID = 2C0233E91D8C4293002D5702;
					};
					2C02340D1D8C4293002D5702 = {
						CreatedOnToolsVersion = 8.0;
						ProvisioningStyle = Automatic;
						TestTargetID = 2C0233E91D8C4293002D5702;
					};
				};
			};
			buildConfigurationList = 2C0233E51D8C4293002D5702 /* Build configuration list for PBXProject "Chillin" */;
			compatibilityVersion = "Xcode 3.2";
			developmentRegion = English;
			hasScannedForEncodings = 0;
			knownRegions = (
				en,
				Base,
				fr,
			);
			mainGroup = 2C0233E11D8C4293002D5702;
			productRefGroup = 2C0233EB1D8C4293002D5702 /* Products */;
			projectDirPath = "";
			projectRoot = "";
			targets = (
				2C0233E91D8C4293002D5702 /* Chillin */,
				2C0234021D8C4293002D5702 /* ChillinTests */,
				2C02340D1D8C4293002D5702 /* ChillinUITests */,
			);
		};
/* End PBXProject section */

/* Begin PBXResourcesBuildPhase section */
		2C0233E81D8C4293002D5702 /* Resources */ = {
			isa = PBXResourcesBuildPhase;
			buildActionMask = 2147483647;
			files = (
				2C0234651D8C8F65002D5702 /* Localizable.strings in Resources */,
				2C0234601D8C8CA0002D5702 /* Wolf-in-the-City.ttf in Resources */,
				2C0233FD1D8C4293002D5702 /* LaunchScreen.storyboard in Resources */,
				2C0233FA1D8C4293002D5702 /* Assets.xcassets in Resources */,
				2C0233F81D8C4293002D5702 /* Main.storyboard in Resources */,
			);
			runOnlyForDeploymentPostprocessing = 0;
		};
		2C0234011D8C4293002D5702 /* Resources */ = {
			isa = PBXResourcesBuildPhase;
			buildActionMask = 2147483647;
			files = (
			);
			runOnlyForDeploymentPostprocessing = 0;
		};
		2C02340C1D8C4293002D5702 /* Resources */ = {
			isa = PBXResourcesBuildPhase;
			buildActionMask = 2147483647;
			files = (
			);
			runOnlyForDeploymentPostprocessing = 0;
		};
/* End PBXResourcesBuildPhase section */

/* Begin PBXShellScriptBuildPhase section */
		01B0016FDD173B0BA0E1792E /* [CP] Embed Pods Frameworks */ = {
			isa = PBXShellScriptBuildPhase;
			buildActionMask = 2147483647;
			files = (
			);
			inputPaths = (
			);
			name = "[CP] Embed Pods Frameworks";
			outputPaths = (
			);
			runOnlyForDeploymentPostprocessing = 0;
			shellPath = /bin/sh;
			shellScript = "\"${SRCROOT}/Pods/Target Support Files/Pods-Chillin/Pods-Chillin-frameworks.sh\"\n";
			showEnvVarsInLog = 0;
		};
		02E8186BA4C0B6B2D8EE1710 /* [CP] Check Pods Manifest.lock */ = {
			isa = PBXShellScriptBuildPhase;
			buildActionMask = 2147483647;
			files = (
			);
			inputPaths = (
			);
			name = "[CP] Check Pods Manifest.lock";
			outputPaths = (
			);
			runOnlyForDeploymentPostprocessing = 0;
			shellPath = /bin/sh;
			shellScript = "diff \"${PODS_ROOT}/../Podfile.lock\" \"${PODS_ROOT}/Manifest.lock\" > /dev/null\nif [[ $? != 0 ]] ; then\n    cat << EOM\nerror: The sandbox is not in sync with the Podfile.lock. Run 'pod install' or update your CocoaPods installation.\nEOM\n    exit 1\nfi\n";
			showEnvVarsInLog = 0;
		};
		17D14B32DB3F57CC6D3FF1E5 /* [CP] Copy Pods Resources */ = {
			isa = PBXShellScriptBuildPhase;
			buildActionMask = 2147483647;
			files = (
			);
			inputPaths = (
			);
			name = "[CP] Copy Pods Resources";
			outputPaths = (
			);
			runOnlyForDeploymentPostprocessing = 0;
			shellPath = /bin/sh;
			shellScript = "\"${SRCROOT}/Pods/Target Support Files/Pods-ChillinTests/Pods-ChillinTests-resources.sh\"\n";
			showEnvVarsInLog = 0;
		};
		7645B2749077F81A539A9569 /* [CP] Embed Pods Frameworks */ = {
			isa = PBXShellScriptBuildPhase;
			buildActionMask = 2147483647;
			files = (
			);
			inputPaths = (
			);
			name = "[CP] Embed Pods Frameworks";
			outputPaths = (
			);
			runOnlyForDeploymentPostprocessing = 0;
			shellPath = /bin/sh;
			shellScript = "\"${SRCROOT}/Pods/Target Support Files/Pods-ChillinTests/Pods-ChillinTests-frameworks.sh\"\n";
			showEnvVarsInLog = 0;
		};
		A4E3A60BBF9945754EE6AFC3 /* [CP] Copy Pods Resources */ = {
			isa = PBXShellScriptBuildPhase;
			buildActionMask = 2147483647;
			files = (
			);
			inputPaths = (
			);
			name = "[CP] Copy Pods Resources";
			outputPaths = (
			);
			runOnlyForDeploymentPostprocessing = 0;
			shellPath = /bin/sh;
			shellScript = "\"${SRCROOT}/Pods/Target Support Files/Pods-Chillin/Pods-Chillin-resources.sh\"\n";
			showEnvVarsInLog = 0;
		};
		AD8D36A4E25026A866494255 /* [CP] Check Pods Manifest.lock */ = {
			isa = PBXShellScriptBuildPhase;
			buildActionMask = 2147483647;
			files = (
			);
			inputPaths = (
			);
			name = "[CP] Check Pods Manifest.lock";
			outputPaths = (
			);
			runOnlyForDeploymentPostprocessing = 0;
			shellPath = /bin/sh;
			shellScript = "diff \"${PODS_ROOT}/../Podfile.lock\" \"${PODS_ROOT}/Manifest.lock\" > /dev/null\nif [[ $? != 0 ]] ; then\n    cat << EOM\nerror: The sandbox is not in sync with the Podfile.lock. Run 'pod install' or update your CocoaPods installation.\nEOM\n    exit 1\nfi\n";
			showEnvVarsInLog = 0;
		};
		C3DA7083FBA33EF1EB76246A /* [CP] Copy Pods Resources */ = {
			isa = PBXShellScriptBuildPhase;
			buildActionMask = 2147483647;
			files = (
			);
			inputPaths = (
			);
			name = "[CP] Copy Pods Resources";
			outputPaths = (
			);
			runOnlyForDeploymentPostprocessing = 0;
			shellPath = /bin/sh;
			shellScript = "\"${SRCROOT}/Pods/Target Support Files/Pods-ChillinUITests/Pods-ChillinUITests-resources.sh\"\n";
			showEnvVarsInLog = 0;
		};
		CA11EB0E107F3E7005F0EFBD /* [CP] Check Pods Manifest.lock */ = {
			isa = PBXShellScriptBuildPhase;
			buildActionMask = 2147483647;
			files = (
			);
			inputPaths = (
			);
			name = "[CP] Check Pods Manifest.lock";
			outputPaths = (
			);
			runOnlyForDeploymentPostprocessing = 0;
			shellPath = /bin/sh;
			shellScript = "diff \"${PODS_ROOT}/../Podfile.lock\" \"${PODS_ROOT}/Manifest.lock\" > /dev/null\nif [[ $? != 0 ]] ; then\n    cat << EOM\nerror: The sandbox is not in sync with the Podfile.lock. Run 'pod install' or update your CocoaPods installation.\nEOM\n    exit 1\nfi\n";
			showEnvVarsInLog = 0;
		};
/* End PBXShellScriptBuildPhase section */

/* Begin PBXSourcesBuildPhase section */
		2C0233E61D8C4293002D5702 /* Sources */ = {
			isa = PBXSourcesBuildPhase;
			buildActionMask = 2147483647;
			files = (
				2C02342B1D8C437B002D5702 /* SignupViewController.m in Sources */,
				2C0234401D8C43AA002D5702 /* AddEventsViewController.m in Sources */,
				2C02343D1D8C439A002D5702 /* SwitchTableViewCell.m in Sources */,
				2C817B291DA7BF08008D6348 /* PlaceObject.m in Sources */,
				2C0233F21D8C4293002D5702 /* AppDelegate.m in Sources */,
				2C0233EF1D8C4293002D5702 /* main.m in Sources */,
				2C817B321DA7BF14008D6348 /* NSString+Levenshtein.m in Sources */,
				2C5E59891DA7F41D001B69FD /* ShowFriendViewController.m in Sources */,
				2C0234521D8C443F002D5702 /* Constants.m in Sources */,
				2C817B281DA7BF08008D6348 /* PlaceDetail.m in Sources */,
				2C0234541D8C443F002D5702 /* Screen.m in Sources */,
				2C817B311DA7BF14008D6348 /* MLPAutoCompleteTextField.m in Sources */,
				2C02343A1D8C439A002D5702 /* LabelButtonTableViewCell.m in Sources */,
				2C0234561D8C443F002D5702 /* UIColor+CustomColors.m in Sources */,
				2C0234431D8C43B2002D5702 /* EventDetailViewController.m in Sources */,
				2C02343B1D8C439A002D5702 /* SettingsCell.m in Sources */,
				2C0234251D8C4362002D5702 /* HomeCell.m in Sources */,
				2C0234531D8C443F002D5702 /* Person.m in Sources */,
				2C02342E1D8C4390002D5702 /* EditFriendsViewController.m in Sources */,
				2C0234241D8C4362002D5702 /* HomeViewController.m in Sources */,
				2C02343C1D8C439A002D5702 /* SettingsViewController.m in Sources */,
				2C0234571D8C443F002D5702 /* LaunchScreen.m in Sources */,
				2C0234281D8C4371002D5702 /* LoginViewController.m in Sources */,
				2C0234391D8C439A002D5702 /* ButtonTableViewCell.m in Sources */,
				2C0234551D8C443F002D5702 /* StringFromDateTranslate.m in Sources */,
				2C817B271DA7BF08008D6348 /* MVPlaceSearchTextField.m in Sources */,
			);
			runOnlyForDeploymentPostprocessing = 0;
		};
		2C0233FF1D8C4293002D5702 /* Sources */ = {
			isa = PBXSourcesBuildPhase;
			buildActionMask = 2147483647;
			files = (
				2C0234081D8C4293002D5702 /* ChillinTests.m in Sources */,
			);
			runOnlyForDeploymentPostprocessing = 0;
		};
		2C02340A1D8C4293002D5702 /* Sources */ = {
			isa = PBXSourcesBuildPhase;
			buildActionMask = 2147483647;
			files = (
				2C0234131D8C4293002D5702 /* ChillinUITests.m in Sources */,
			);
			runOnlyForDeploymentPostprocessing = 0;
		};
/* End PBXSourcesBuildPhase section */

/* Begin PBXTargetDependency section */
		2C0234051D8C4293002D5702 /* PBXTargetDependency */ = {
			isa = PBXTargetDependency;
			target = 2C0233E91D8C4293002D5702 /* Chillin */;
			targetProxy = 2C0234041D8C4293002D5702 /* PBXContainerItemProxy */;
		};
		2C0234101D8C4293002D5702 /* PBXTargetDependency */ = {
			isa = PBXTargetDependency;
			target = 2C0233E91D8C4293002D5702 /* Chillin */;
			targetProxy = 2C02340F1D8C4293002D5702 /* PBXContainerItemProxy */;
		};
/* End PBXTargetDependency section */

/* Begin PBXVariantGroup section */
		2C0233F61D8C4293002D5702 /* Main.storyboard */ = {
			isa = PBXVariantGroup;
			children = (
				2C0233F71D8C4293002D5702 /* Base */,
				2C0234611D8C8F0B002D5702 /* fr */,
			);
			name = Main.storyboard;
			sourceTree = "<group>";
		};
		2C0233FB1D8C4293002D5702 /* LaunchScreen.storyboard */ = {
			isa = PBXVariantGroup;
			children = (
				2C0233FC1D8C4293002D5702 /* Base */,
				2C0234621D8C8F0B002D5702 /* fr */,
			);
			name = LaunchScreen.storyboard;
			sourceTree = "<group>";
		};
		2C0234671D8C8F65002D5702 /* Localizable.strings */ = {
			isa = PBXVariantGroup;
			children = (
				2C0234691D8C8F6C002D5702 /* fr */,
				2C02346A1D8C8F77002D5702 /* en */,
			);
			name = Localizable.strings;
			sourceTree = "<group>";
		};
/* End PBXVariantGroup section */

/* Begin XCBuildConfiguration section */
		2C0234151D8C4293002D5702 /* Debug */ = {
			isa = XCBuildConfiguration;
			buildSettings = {
				ALWAYS_SEARCH_USER_PATHS = NO;
				CLANG_ANALYZER_LOCALIZABILITY_NONLOCALIZED = YES;
				CLANG_ANALYZER_NONNULL = YES;
				CLANG_CXX_LANGUAGE_STANDARD = "gnu++0x";
				CLANG_CXX_LIBRARY = "libc++";
				CLANG_ENABLE_MODULES = YES;
				CLANG_ENABLE_OBJC_ARC = YES;
				CLANG_WARN_BOOL_CONVERSION = YES;
				CLANG_WARN_CONSTANT_CONVERSION = YES;
				CLANG_WARN_DIRECT_OBJC_ISA_USAGE = YES_ERROR;
				CLANG_WARN_DOCUMENTATION_COMMENTS = YES;
				CLANG_WARN_EMPTY_BODY = YES;
				CLANG_WARN_ENUM_CONVERSION = YES;
				CLANG_WARN_INFINITE_RECURSION = YES;
				CLANG_WARN_INT_CONVERSION = YES;
				CLANG_WARN_OBJC_ROOT_CLASS = YES_ERROR;
				CLANG_WARN_SUSPICIOUS_MOVES = YES;
				CLANG_WARN_UNREACHABLE_CODE = YES;
				CLANG_WARN__DUPLICATE_METHOD_MATCH = YES;
				"CODE_SIGN_IDENTITY[sdk=iphoneos*]" = "iPhone Developer";
				COPY_PHASE_STRIP = NO;
				DEBUG_INFORMATION_FORMAT = dwarf;
				ENABLE_STRICT_OBJC_MSGSEND = YES;
				ENABLE_TESTABILITY = YES;
				GCC_C_LANGUAGE_STANDARD = gnu99;
				GCC_DYNAMIC_NO_PIC = NO;
				GCC_NO_COMMON_BLOCKS = YES;
				GCC_OPTIMIZATION_LEVEL = 0;
				GCC_PREPROCESSOR_DEFINITIONS = (
					"DEBUG=1",
					"$(inherited)",
				);
				GCC_WARN_64_TO_32_BIT_CONVERSION = YES;
				GCC_WARN_ABOUT_RETURN_TYPE = YES_ERROR;
				GCC_WARN_UNDECLARED_SELECTOR = YES;
				GCC_WARN_UNINITIALIZED_AUTOS = YES_AGGRESSIVE;
				GCC_WARN_UNUSED_FUNCTION = YES;
				GCC_WARN_UNUSED_VARIABLE = YES;
				IPHONEOS_DEPLOYMENT_TARGET = 10.0;
				MTL_ENABLE_DEBUG_INFO = YES;
				ONLY_ACTIVE_ARCH = YES;
				SDKROOT = iphoneos;
			};
			name = Debug;
		};
		2C0234161D8C4293002D5702 /* Release */ = {
			isa = XCBuildConfiguration;
			buildSettings = {
				ALWAYS_SEARCH_USER_PATHS = NO;
				CLANG_ANALYZER_LOCALIZABILITY_NONLOCALIZED = YES;
				CLANG_ANALYZER_NONNULL = YES;
				CLANG_CXX_LANGUAGE_STANDARD = "gnu++0x";
				CLANG_CXX_LIBRARY = "libc++";
				CLANG_ENABLE_MODULES = YES;
				CLANG_ENABLE_OBJC_ARC = YES;
				CLANG_WARN_BOOL_CONVERSION = YES;
				CLANG_WARN_CONSTANT_CONVERSION = YES;
				CLANG_WARN_DIRECT_OBJC_ISA_USAGE = YES_ERROR;
				CLANG_WARN_DOCUMENTATION_COMMENTS = YES;
				CLANG_WARN_EMPTY_BODY = YES;
				CLANG_WARN_ENUM_CONVERSION = YES;
				CLANG_WARN_INFINITE_RECURSION = YES;
				CLANG_WARN_INT_CONVERSION = YES;
				CLANG_WARN_OBJC_ROOT_CLASS = YES_ERROR;
				CLANG_WARN_SUSPICIOUS_MOVES = YES;
				CLANG_WARN_UNREACHABLE_CODE = YES;
				CLANG_WARN__DUPLICATE_METHOD_MATCH = YES;
				"CODE_SIGN_IDENTITY[sdk=iphoneos*]" = "iPhone Developer";
				COPY_PHASE_STRIP = NO;
				DEBUG_INFORMATION_FORMAT = "dwarf-with-dsym";
				ENABLE_NS_ASSERTIONS = NO;
				ENABLE_STRICT_OBJC_MSGSEND = YES;
				GCC_C_LANGUAGE_STANDARD = gnu99;
				GCC_NO_COMMON_BLOCKS = YES;
				GCC_WARN_64_TO_32_BIT_CONVERSION = YES;
				GCC_WARN_ABOUT_RETURN_TYPE = YES_ERROR;
				GCC_WARN_UNDECLARED_SELECTOR = YES;
				GCC_WARN_UNINITIALIZED_AUTOS = YES_AGGRESSIVE;
				GCC_WARN_UNUSED_FUNCTION = YES;
				GCC_WARN_UNUSED_VARIABLE = YES;
				IPHONEOS_DEPLOYMENT_TARGET = 10.0;
				MTL_ENABLE_DEBUG_INFO = NO;
				SDKROOT = iphoneos;
				VALIDATE_PRODUCT = YES;
			};
			name = Release;
		};
		2C0234181D8C4293002D5702 /* Debug */ = {
			isa = XCBuildConfiguration;
			baseConfigurationReference = 13CB9CDD7310C87AAA668412 /* Pods-Chillin.debug.xcconfig */;
			buildSettings = {
				ASSETCATALOG_COMPILER_APPICON_NAME = AppIcon;
				CODE_SIGN_ENTITLEMENTS = Chillin/Chillin.entitlements;
				DEVELOPMENT_TEAM = 2NB67X8DYS;
				INFOPLIST_FILE = Chillin/Info.plist;
				IPHONEOS_DEPLOYMENT_TARGET = 8.0;
				LD_RUNPATH_SEARCH_PATHS = "$(inherited) @executable_path/Frameworks";
				PRODUCT_BUNDLE_IDENTIFIER = JardelCompany.Chillin;
				PRODUCT_NAME = "$(TARGET_NAME)";
			};
			name = Debug;
		};
		2C0234191D8C4293002D5702 /* Release */ = {
			isa = XCBuildConfiguration;
			baseConfigurationReference = 9AD5D68C49958E15AA814932 /* Pods-Chillin.release.xcconfig */;
			buildSettings = {
				ASSETCATALOG_COMPILER_APPICON_NAME = AppIcon;
				CODE_SIGN_ENTITLEMENTS = Chillin/Chillin.entitlements;
				DEVELOPMENT_TEAM = 2NB67X8DYS;
				INFOPLIST_FILE = Chillin/Info.plist;
				IPHONEOS_DEPLOYMENT_TARGET = 8.0;
				LD_RUNPATH_SEARCH_PATHS = "$(inherited) @executable_path/Frameworks";
				PRODUCT_BUNDLE_IDENTIFIER = JardelCompany.Chillin;
				PRODUCT_NAME = "$(TARGET_NAME)";
			};
			name = Release;
		};
		2C02341B1D8C4293002D5702 /* Debug */ = {
			isa = XCBuildConfiguration;
			baseConfigurationReference = E5E43EA2DD29026182F3C93E /* Pods-ChillinTests.debug.xcconfig */;
			buildSettings = {
				BUNDLE_LOADER = "$(TEST_HOST)";
				INFOPLIST_FILE = ChillinTests/Info.plist;
				LD_RUNPATH_SEARCH_PATHS = "$(inherited) @executable_path/Frameworks @loader_path/Frameworks";
				PRODUCT_BUNDLE_IDENTIFIER = JardelCompany.ChillinTests;
				PRODUCT_NAME = "$(TARGET_NAME)";
				TEST_HOST = "$(BUILT_PRODUCTS_DIR)/Chillin.app/Chillin";
			};
			name = Debug;
		};
		2C02341C1D8C4293002D5702 /* Release */ = {
			isa = XCBuildConfiguration;
			baseConfigurationReference = 237ED8AD621AD690B9A0FB2E /* Pods-ChillinTests.release.xcconfig */;
			buildSettings = {
				BUNDLE_LOADER = "$(TEST_HOST)";
				INFOPLIST_FILE = ChillinTests/Info.plist;
				LD_RUNPATH_SEARCH_PATHS = "$(inherited) @executable_path/Frameworks @loader_path/Frameworks";
				PRODUCT_BUNDLE_IDENTIFIER = JardelCompany.ChillinTests;
				PRODUCT_NAME = "$(TARGET_NAME)";
				TEST_HOST = "$(BUILT_PRODUCTS_DIR)/Chillin.app/Chillin";
			};
			name = Release;
		};
		2C02341E1D8C4293002D5702 /* Debug */ = {
			isa = XCBuildConfiguration;
			baseConfigurationReference = 4DD8955719A98FF934700898 /* Pods-ChillinUITests.debug.xcconfig */;
			buildSettings = {
				INFOPLIST_FILE = ChillinUITests/Info.plist;
				LD_RUNPATH_SEARCH_PATHS = "$(inherited) @executable_path/Frameworks @loader_path/Frameworks";
				PRODUCT_BUNDLE_IDENTIFIER = JardelCompany.ChillinUITests;
				PRODUCT_NAME = "$(TARGET_NAME)";
				TEST_TARGET_NAME = Chillin;
			};
			name = Debug;
		};
		2C02341F1D8C4293002D5702 /* Release */ = {
			isa = XCBuildConfiguration;
			baseConfigurationReference = C10C84C862A4CD867E6D675A /* Pods-ChillinUITests.release.xcconfig */;
			buildSettings = {
				INFOPLIST_FILE = ChillinUITests/Info.plist;
				LD_RUNPATH_SEARCH_PATHS = "$(inherited) @executable_path/Frameworks @loader_path/Frameworks";
				PRODUCT_BUNDLE_IDENTIFIER = JardelCompany.ChillinUITests;
				PRODUCT_NAME = "$(TARGET_NAME)";
				TEST_TARGET_NAME = Chillin;
			};
			name = Release;
		};
/* End XCBuildConfiguration section */

/* Begin XCConfigurationList section */
		2C0233E51D8C4293002D5702 /* Build configuration list for PBXProject "Chillin" */ = {
			isa = XCConfigurationList;
			buildConfigurations = (
				2C0234151D8C4293002D5702 /* Debug */,
				2C0234161D8C4293002D5702 /* Release */,
			);
			defaultConfigurationIsVisible = 0;
			defaultConfigurationName = Release;
		};
		2C0234171D8C4293002D5702 /* Build configuration list for PBXNativeTarget "Chillin" */ = {
			isa = XCConfigurationList;
			buildConfigurations = (
				2C0234181D8C4293002D5702 /* Debug */,
				2C0234191D8C4293002D5702 /* Release */,
			);
			defaultConfigurationIsVisible = 0;
			defaultConfigurationName = Release;
		};
		2C02341A1D8C4293002D5702 /* Build configuration list for PBXNativeTarget "ChillinTests" */ = {
			isa = XCConfigurationList;
			buildConfigurations = (
				2C02341B1D8C4293002D5702 /* Debug */,
				2C02341C1D8C4293002D5702 /* Release */,
			);
			defaultConfigurationIsVisible = 0;
			defaultConfigurationName = Release;
		};
		2C02341D1D8C4293002D5702 /* Build configuration list for PBXNativeTarget "ChillinUITests" */ = {
			isa = XCConfigurationList;
			buildConfigurations = (
				2C02341E1D8C4293002D5702 /* Debug */,
				2C02341F1D8C4293002D5702 /* Release */,
			);
			defaultConfigurationIsVisible = 0;
			defaultConfigurationName = Release;
		};
/* End XCConfigurationList section */
	};
	rootObject = 2C0233E21D8C4293002D5702 /* Project object */;
}
